
Microsoft Visual Studio Solution File, Format Version 12.00
# Visual Studio Version 16
VisualStudioVersion = 16.0.30406.217
MinimumVisualStudioVersion = 10.0.40219.1
Project("{FAE04EC0-301F-11D3-BF4B-00C04F79EFBC}") = "Problem1", "Problem1\Problem1.csproj", "{74BA9410-2D8E-407B-9095-78CF085BD54E}"
EndProject
Project("{FAE04EC0-301F-11D3-BF4B-00C04F79EFBC}") = "Problem2", "Problem2\Problem2.csproj", "{9A915B31-1AC9-4F66-A6F9-9229EC54CAFC}"
EndProject
Global
	GlobalSection(SolutionConfigurationPlatforms) = preSolution
		Debug|Any CPU = Debug|Any CPU
		Release|Any CPU = Release|Any CPU
	EndGlobalSection
	GlobalSection(ProjectConfigurationPlatforms) = postSolution
		{74BA9410-2D8E-407B-9095-78CF085BD54E}.Debug|Any CPU.ActiveCfg = Debug|Any CPU
		{74BA9410-2D8E-407B-9095-78CF085BD54E}.Debug|Any CPU.Build.0 = Debug|Any CPU
		{74BA9410-2D8E-407B-9095-78CF085BD54E}.Release|Any CPU.ActiveCfg = Release|Any CPU
		{74BA9410-2D8E-407B-9095-78CF085BD54E}.Release|Any CPU.Build.0 = Release|Any CPU
		{9A915B31-1AC9-4F66-A6F9-9229EC54CAFC}.Debug|Any CPU.ActiveCfg = Debug|Any CPU
		{9A915B31-1AC9-4F66-A6F9-9229EC54CAFC}.Debug|Any CPU.Build.0 = Debug|Any CPU
		{9A915B31-1AC9-4F66-A6F9-9229EC54CAFC}.Release|Any CPU.ActiveCfg = Release|Any CPU
		{9A915B31-1AC9-4F66-A6F9-9229EC54CAFC}.Release|Any CPU.Build.0 = Release|Any CPU
	EndGlobalSection
	GlobalSection(SolutionProperties) = preSolution
		HideSolutionNode = FALSE
	EndGlobalSection
	GlobalSection(ExtensibilityGlobals) = postSolution
		SolutionGuid = {9AEB0AA7-DFDB-480D-9028-F56D9ABECC2D}
	EndGlobalSection
EndGlobal
